{
  "name": "ym-drawer",
  "version": "1.0.4",
  "lockfileVersion": 1,
  "requires": true,
  "dependencies": {
    "body-scroll-lock": {
      "version": "2.6.1",
      "resolved": "https://registry.npmjs.org/body-scroll-lock/-/body-scroll-lock-2.6.1.tgz",
      "integrity": "sha512-fsDsq10+BJrk/+eGADqxspyZpGiKSh3dK8ByE6KuDK0REmPB99U05p1t9xVTAM9J6j9PJGm6W/W+HsCPnOFj+Q=="
    }
  }
}
